
Microsoft Visual Studio Solution File, Format Version 12.00
# Visual Studio Version 17
VisualStudioVersion = 17.3.32922.545
MinimumVisualStudioVersion = 10.0.40219.1
Project("{FAE04EC0-301F-11D3-BF4B-00C04F79EFBC}") = "Cinema Plus", "Cinema Plus\Cinema Plus.csproj", "{4840D634-07C5-42E6-9726-75BA7B3B2122}"
EndProject
Global
	GlobalSection(SolutionConfigurationPlatforms) = preSolution
		Debug|Any CPU = Debug|Any CPU
		Release|Any CPU = Release|Any CPU
	EndGlobalSection
	GlobalSection(ProjectConfigurationPlatforms) = postSolution
		{4840D634-07C5-42E6-9726-75BA7B3B2122}.Debug|Any CPU.ActiveCfg = Debug|Any CPU
		{4840D634-07C5-42E6-9726-75BA7B3B2122}.Debug|Any CPU.Build.0 = Debug|Any CPU
		{4840D634-07C5-42E6-9726-75BA7B3B2122}.Release|Any CPU.ActiveCfg = Release|Any CPU
		{4840D634-07C5-42E6-9726-75BA7B3B2122}.Release|Any CPU.Build.0 = Release|Any CPU
	EndGlobalSection
	GlobalSection(SolutionProperties) = preSolution
		HideSolutionNode = FALSE
	EndGlobalSection
	GlobalSection(ExtensibilityGlobals) = postSolution
		SolutionGuid = {1C873344-0A3B-4177-9460-F88AC3CA4D39}
	EndGlobalSection
EndGlobal
